{
  "nodes": {
    "fenix": {
      "inputs": {
        "nixpkgs": [
          "typst",
          "nixpkgs"
        ],
        "rust-analyzer-src": "rust-analyzer-src"
      },
      "locked": {
        "lastModified": 1686291735,
        "narHash": "sha256-mpq2m6TN3ImqqUqA4u93NvkZu5vH//3spqjmPRbRlvA=",
        "owner": "nix-community",
        "repo": "fenix",
        "rev": "6e6a94c4d0cac4821b6452fbae46609b89a8ddcf",
        "type": "github"
      },
      "original": {
        "owner": "nix-community",
        "repo": "fenix",
        "type": "github"
      }
    },
    "flake-utils": {
      "inputs": {
        "systems": "systems"
      },
      "locked": {
        "lastModified": 1685518550,
        "narHash": "sha256-o2d0KcvaXzTrPRIo0kOLV0/QXHhDQ5DTi+OxcjO8xqY=",
        "owner": "numtide",
        "repo": "flake-utils",
        "rev": "a1720a10a6cfe8234c0e93907ffe81be440f4cef",
        "type": "github"
      },
      "original": {
        "owner": "numtide",
        "repo": "flake-utils",
        "type": "github"
      }
    },
    "nixpkgs": {
      "locked": {
        "lastModified": 1686582075,
        "narHash": "sha256-vtflsfKkHtF8IduxDNtbme4cojiqvlvjp5QNYhvoHXc=",
        "owner": "NixOS",
        "repo": "nixpkgs",
        "rev": "7e63eed145566cca98158613f3700515b4009ce3",
        "type": "github"
      },
      "original": {
        "id": "nixpkgs",
        "type": "indirect"
      }
    },
    "nixpkgs_2": {
      "locked": {
        "lastModified": 1686226982,
        "narHash": "sha256-nLuiPoeiVfqqzeq9rmXxpybh77VS37dsY/k8N2LoxVg=",
        "owner": "nixos",
        "repo": "nixpkgs",
        "rev": "a64b73e07d4aa65cfcbda29ecf78eaf9e72e44bd",
        "type": "github"
      },
      "original": {
        "owner": "nixos",
        "ref": "nixos-unstable",
        "repo": "nixpkgs",
        "type": "github"
      }
    },
    "root": {
      "inputs": {
        "flake-utils": "flake-utils",
        "nixpkgs": "nixpkgs",
        "typst": "typst",
        "typst-slides": "typst-slides"
      }
    },
    "rust-analyzer-src": {
      "flake": false,
      "locked": {
        "lastModified": 1686239338,
        "narHash": "sha256-c6Mm7UnDf3j3akY3YB3rELFA76QRbB8ttSBsh00LWi0=",
        "owner": "rust-lang",
        "repo": "rust-analyzer",
        "rev": "9c03aa1ac2e67051db83a85baf3cfee902e4dd84",
        "type": "github"
      },
      "original": {
        "owner": "rust-lang",
        "ref": "nightly",
        "repo": "rust-analyzer",
        "type": "github"
      }
    },
    "systems": {
      "locked": {
        "lastModified": 1681028828,
        "narHash": "sha256-Vy1rq5AaRuLzOxct8nz4T6wlgyUR7zLU309k9mBC768=",
        "owner": "nix-systems",
        "repo": "default",
        "rev": "da67096a3b9bf56a91d16901293e51ba5b49a27e",
        "type": "github"
      },
      "original": {
        "owner": "nix-systems",
        "repo": "default",
        "type": "github"
      }
    },
    "typst": {
      "inputs": {
        "fenix": "fenix",
        "nixpkgs": "nixpkgs_2"
      },
      "locked": {
        "lastModified": 1686649205,
        "narHash": "sha256-ggGzjdiB+GT7vbm8C+gTH3lxBuh2JT3ZaKJlE9l0Qxs=",
        "owner": "typst",
        "repo": "typst",
        "rev": "6c542ea1a4a0ee85069dad6974ff331851eff406",
        "type": "github"
      },
      "original": {
        "owner": "typst",
        "repo": "typst",
        "type": "github"
      }
    },
    "typst-slides": {
      "flake": false,
      "locked": {
        "lastModified": 1684508167,
        "narHash": "sha256-870n7jpNH5w9KoCJaj0QWUWANR8mBpuGlNx6fc1Ixuw=",
        "owner": "andreasKroepelin",
        "repo": "typst-slides",
        "rev": "8021edacb3b8023fdd8c47f20916761a19c5b779",
        "type": "github"
      },
      "original": {
        "owner": "andreasKroepelin",
        "repo": "typst-slides",
        "type": "github"
      }
    }
  },
  "root": "root",
  "version": 7
}
